
Microsoft Visual Studio Solution File, Format Version 12.00
# Visual Studio Version 17
VisualStudioVersion = 17.10.35013.160
MinimumVisualStudioVersion = 10.0.40219.1
Project("{FAE04EC0-301F-11D3-BF4B-00C04F79EFBC}") = "BlockChainHealthInfo", "BlockChainHealthInfo\BlockChainHealthInfo.csproj", "{4DE7D1B1-248D-4414-A785-831A38C8FD8B}"
EndProject
Global
	GlobalSection(SolutionConfigurationPlatforms) = preSolution
		Debug|Any CPU = Debug|Any CPU
		Release|Any CPU = Release|Any CPU
	EndGlobalSection
	GlobalSection(ProjectConfigurationPlatforms) = postSolution
		{4DE7D1B1-248D-4414-A785-831A38C8FD8B}.Debug|Any CPU.ActiveCfg = Debug|Any CPU
		{4DE7D1B1-248D-4414-A785-831A38C8FD8B}.Debug|Any CPU.Build.0 = Debug|Any CPU
		{4DE7D1B1-248D-4414-A785-831A38C8FD8B}.Release|Any CPU.ActiveCfg = Release|Any CPU
		{4DE7D1B1-248D-4414-A785-831A38C8FD8B}.Release|Any CPU.Build.0 = Release|Any CPU
	EndGlobalSection
	GlobalSection(SolutionProperties) = preSolution
		HideSolutionNode = FALSE
	EndGlobalSection
	GlobalSection(ExtensibilityGlobals) = postSolution
		SolutionGuid = {E55E8578-5A71-4F29-A7C0-06734D8B269E}
	EndGlobalSection
EndGlobal
